
Microsoft Visual Studio Solution File, Format Version 12.00
# Visual Studio Version 16
VisualStudioVersion = 16.0.30523.141
MinimumVisualStudioVersion = 10.0.40219.1
Project("{FAE04EC0-301F-11D3-BF4B-00C04F79EFBC}") = "CCM_MobileXamarin.Android", "CCM_MobileXamarin.Android\CCM_MobileXamarin.Android.csproj", "{395C1A53-89E5-469D-BEA4-E7748E6E7801}"
EndProject
Project("{FAE04EC0-301F-11D3-BF4B-00C04F79EFBC}") = "CCM_MobileXamarin.iOS", "CCM_MobileXamarin.iOS\CCM_MobileXamarin.iOS.csproj", "{42C42EB0-33A9-4CF4-892C-42A4B5E064A7}"
EndProject
Project("{FAE04EC0-301F-11D3-BF4B-00C04F79EFBC}") = "CCM_MobileXamarin", "CCM_MobileXamarin\CCM_MobileXamarin.csproj", "{FDA68F2B-0DB1-4A93-8175-76CEADF9BD54}"
EndProject
Global
	GlobalSection(SolutionConfigurationPlatforms) = preSolution
		Debug|Any CPU = Debug|Any CPU
		Debug|iPhone = Debug|iPhone
		Debug|iPhoneSimulator = Debug|iPhoneSimulator
		Release|Any CPU = Release|Any CPU
		Release|iPhone = Release|iPhone
		Release|iPhoneSimulator = Release|iPhoneSimulator
	EndGlobalSection
	GlobalSection(ProjectConfigurationPlatforms) = postSolution
		{395C1A53-89E5-469D-BEA4-E7748E6E7801}.Debug|Any CPU.ActiveCfg = Debug|Any CPU
		{395C1A53-89E5-469D-BEA4-E7748E6E7801}.Debug|Any CPU.Build.0 = Debug|Any CPU
		{395C1A53-89E5-469D-BEA4-E7748E6E7801}.Debug|Any CPU.Deploy.0 = Debug|Any CPU
		{395C1A53-89E5-469D-BEA4-E7748E6E7801}.Debug|iPhone.ActiveCfg = Debug|Any CPU
		{395C1A53-89E5-469D-BEA4-E7748E6E7801}.Debug|iPhone.Build.0 = Debug|Any CPU
		{395C1A53-89E5-469D-BEA4-E7748E6E7801}.Debug|iPhone.Deploy.0 = Debug|Any CPU
		{395C1A53-89E5-469D-BEA4-E7748E6E7801}.Debug|iPhoneSimulator.ActiveCfg = Debug|Any CPU
		{395C1A53-89E5-469D-BEA4-E7748E6E7801}.Debug|iPhoneSimulator.Build.0 = Debug|Any CPU
		{395C1A53-89E5-469D-BEA4-E7748E6E7801}.Debug|iPhoneSimulator.Deploy.0 = Debug|Any CPU
		{395C1A53-89E5-469D-BEA4-E7748E6E7801}.Release|Any CPU.ActiveCfg = Release|Any CPU
		{395C1A53-89E5-469D-BEA4-E7748E6E7801}.Release|Any CPU.Build.0 = Release|Any CPU
		{395C1A53-89E5-469D-BEA4-E7748E6E7801}.Release|Any CPU.Deploy.0 = Release|Any CPU
		{395C1A53-89E5-469D-BEA4-E7748E6E7801}.Release|iPhone.ActiveCfg = Release|Any CPU
		{395C1A53-89E5-469D-BEA4-E7748E6E7801}.Release|iPhone.Build.0 = Release|Any CPU
		{395C1A53-89E5-469D-BEA4-E7748E6E7801}.Release|iPhone.Deploy.0 = Release|Any CPU
		{395C1A53-89E5-469D-BEA4-E7748E6E7801}.Release|iPhoneSimulator.ActiveCfg = Release|Any CPU
		{395C1A53-89E5-469D-BEA4-E7748E6E7801}.Release|iPhoneSimulator.Build.0 = Release|Any CPU
		{395C1A53-89E5-469D-BEA4-E7748E6E7801}.Release|iPhoneSimulator.Deploy.0 = Release|Any CPU
		{42C42EB0-33A9-4CF4-892C-42A4B5E064A7}.Debug|Any CPU.ActiveCfg = Debug|iPhone
		{42C42EB0-33A9-4CF4-892C-42A4B5E064A7}.Debug|Any CPU.Build.0 = Debug|iPhone
		{42C42EB0-33A9-4CF4-892C-42A4B5E064A7}.Debug|Any CPU.Deploy.0 = Debug|iPhone
		{42C42EB0-33A9-4CF4-892C-42A4B5E064A7}.Debug|iPhone.ActiveCfg = Debug|iPhone
		{42C42EB0-33A9-4CF4-892C-42A4B5E064A7}.Debug|iPhone.Build.0 = Debug|iPhone
		{42C42EB0-33A9-4CF4-892C-42A4B5E064A7}.Debug|iPhone.Deploy.0 = Debug|iPhone
		{42C42EB0-33A9-4CF4-892C-42A4B5E064A7}.Debug|iPhoneSimulator.ActiveCfg = Debug|iPhoneSimulator
		{42C42EB0-33A9-4CF4-892C-42A4B5E064A7}.Debug|iPhoneSimulator.Build.0 = Debug|iPhoneSimulator
		{42C42EB0-33A9-4CF4-892C-42A4B5E064A7}.Debug|iPhoneSimulator.Deploy.0 = Debug|iPhoneSimulator
		{42C42EB0-33A9-4CF4-892C-42A4B5E064A7}.Release|Any CPU.ActiveCfg = Release|iPhoneSimulator
		{42C42EB0-33A9-4CF4-892C-42A4B5E064A7}.Release|Any CPU.Build.0 = Release|iPhoneSimulator
		{42C42EB0-33A9-4CF4-892C-42A4B5E064A7}.Release|Any CPU.Deploy.0 = Release|iPhoneSimulator
		{42C42EB0-33A9-4CF4-892C-42A4B5E064A7}.Release|iPhone.ActiveCfg = Release|iPhone
		{42C42EB0-33A9-4CF4-892C-42A4B5E064A7}.Release|iPhone.Build.0 = Release|iPhone
		{42C42EB0-33A9-4CF4-892C-42A4B5E064A7}.Release|iPhone.Deploy.0 = Release|iPhone
		{42C42EB0-33A9-4CF4-892C-42A4B5E064A7}.Release|iPhoneSimulator.ActiveCfg = Release|iPhoneSimulator
		{42C42EB0-33A9-4CF4-892C-42A4B5E064A7}.Release|iPhoneSimulator.Build.0 = Release|iPhoneSimulator
		{42C42EB0-33A9-4CF4-892C-42A4B5E064A7}.Release|iPhoneSimulator.Deploy.0 = Release|iPhoneSimulator
		{FDA68F2B-0DB1-4A93-8175-76CEADF9BD54}.Debug|Any CPU.ActiveCfg = Debug|Any CPU
		{FDA68F2B-0DB1-4A93-8175-76CEADF9BD54}.Debug|Any CPU.Build.0 = Debug|Any CPU
		{FDA68F2B-0DB1-4A93-8175-76CEADF9BD54}.Debug|Any CPU.Deploy.0 = Debug|Any CPU
		{FDA68F2B-0DB1-4A93-8175-76CEADF9BD54}.Debug|iPhone.ActiveCfg = Debug|Any CPU
		{FDA68F2B-0DB1-4A93-8175-76CEADF9BD54}.Debug|iPhone.Build.0 = Debug|Any CPU
		{FDA68F2B-0DB1-4A93-8175-76CEADF9BD54}.Debug|iPhone.Deploy.0 = Debug|Any CPU
		{FDA68F2B-0DB1-4A93-8175-76CEADF9BD54}.Debug|iPhoneSimulator.ActiveCfg = Debug|Any CPU
		{FDA68F2B-0DB1-4A93-8175-76CEADF9BD54}.Debug|iPhoneSimulator.Build.0 = Debug|Any CPU
		{FDA68F2B-0DB1-4A93-8175-76CEADF9BD54}.Debug|iPhoneSimulator.Deploy.0 = Debug|Any CPU
		{FDA68F2B-0DB1-4A93-8175-76CEADF9BD54}.Release|Any CPU.ActiveCfg = Release|Any CPU
		{FDA68F2B-0DB1-4A93-8175-76CEADF9BD54}.Release|Any CPU.Build.0 = Release|Any CPU
		{FDA68F2B-0DB1-4A93-8175-76CEADF9BD54}.Release|Any CPU.Deploy.0 = Release|Any CPU
		{FDA68F2B-0DB1-4A93-8175-76CEADF9BD54}.Release|iPhone.ActiveCfg = Release|Any CPU
		{FDA68F2B-0DB1-4A93-8175-76CEADF9BD54}.Release|iPhone.Build.0 = Release|Any CPU
		{FDA68F2B-0DB1-4A93-8175-76CEADF9BD54}.Release|iPhone.Deploy.0 = Release|Any CPU
		{FDA68F2B-0DB1-4A93-8175-76CEADF9BD54}.Release|iPhoneSimulator.ActiveCfg = Release|Any CPU
		{FDA68F2B-0DB1-4A93-8175-76CEADF9BD54}.Release|iPhoneSimulator.Build.0 = Release|Any CPU
		{FDA68F2B-0DB1-4A93-8175-76CEADF9BD54}.Release|iPhoneSimulator.Deploy.0 = Release|Any CPU
	EndGlobalSection
	GlobalSection(SolutionProperties) = preSolution
		HideSolutionNode = FALSE
	EndGlobalSection
	GlobalSection(ExtensibilityGlobals) = postSolution
		SolutionGuid = {E1FA485B-A19B-45A1-8D5C-A2F264B4953D}
	EndGlobalSection
EndGlobal
