
Microsoft Visual Studio Solution File, Format Version 12.00
# Visual Studio Version 16
VisualStudioVersion = 16.0.30128.74
MinimumVisualStudioVersion = 10.0.40219.1
Project("{FAE04EC0-301F-11D3-BF4B-00C04F79EFBC}") = "Contact_Manager_Summer2020", "Contact_Manager_Summer2020\Contact_Manager_Summer2020.csproj", "{B753F92E-6323-4CD6-872E-B76ECC89CA5B}"
EndProject
Project("{00D1A9C2-B5F0-4AF3-8072-F6C62B433612}") = "SQL_DataBase", "SQL_DataBase\SQL_DataBase.sqlproj", "{86DA10C5-B1F8-4496-A97E-B7D81FC347E9}"
EndProject
Global
	GlobalSection(SolutionConfigurationPlatforms) = preSolution
		Debug|Any CPU = Debug|Any CPU
		Release|Any CPU = Release|Any CPU
	EndGlobalSection
	GlobalSection(ProjectConfigurationPlatforms) = postSolution
		{B753F92E-6323-4CD6-872E-B76ECC89CA5B}.Debug|Any CPU.ActiveCfg = Debug|Any CPU
		{B753F92E-6323-4CD6-872E-B76ECC89CA5B}.Debug|Any CPU.Build.0 = Debug|Any CPU
		{B753F92E-6323-4CD6-872E-B76ECC89CA5B}.Release|Any CPU.ActiveCfg = Release|Any CPU
		{B753F92E-6323-4CD6-872E-B76ECC89CA5B}.Release|Any CPU.Build.0 = Release|Any CPU
		{86DA10C5-B1F8-4496-A97E-B7D81FC347E9}.Debug|Any CPU.ActiveCfg = Debug|Any CPU
		{86DA10C5-B1F8-4496-A97E-B7D81FC347E9}.Debug|Any CPU.Build.0 = Debug|Any CPU
		{86DA10C5-B1F8-4496-A97E-B7D81FC347E9}.Debug|Any CPU.Deploy.0 = Debug|Any CPU
		{86DA10C5-B1F8-4496-A97E-B7D81FC347E9}.Release|Any CPU.ActiveCfg = Release|Any CPU
		{86DA10C5-B1F8-4496-A97E-B7D81FC347E9}.Release|Any CPU.Build.0 = Release|Any CPU
		{86DA10C5-B1F8-4496-A97E-B7D81FC347E9}.Release|Any CPU.Deploy.0 = Release|Any CPU
	EndGlobalSection
	GlobalSection(SolutionProperties) = preSolution
		HideSolutionNode = FALSE
	EndGlobalSection
	GlobalSection(ExtensibilityGlobals) = postSolution
		SolutionGuid = {14B0E5F1-C30B-47FD-8629-72D1F348957D}
	EndGlobalSection
EndGlobal
